{
  "name": "Portfolio Page",
  "lockfileVersion": 2,
  "requires": true,
  "packages": {
    "": {
      "dependencies": {
        "bytemare": "^0.1.0",
        "houdini-static-gradient": "^1.1.2"
      }
    },
    "node_modules/bytemare": {
      "version": "0.1.0",
      "resolved": "https://registry.npmjs.org/bytemare/-/bytemare-0.1.0.tgz",
      "integrity": "sha512-9t7LqrvhpCMmJyqc4DgBcNTXThp3Pp5OQVdVWXPA8VEycQ3dQQHUqO+4r7piJBgDIhApVPTv9VGiEQBK9v+trw=="
    },
    "node_modules/houdini-static-gradient": {
      "version": "1.1.2",
      "resolved": "https://registry.npmjs.org/houdini-static-gradient/-/houdini-static-gradient-1.1.2.tgz",
      "integrity": "sha512-34g4Fh2fDDNNPAb3UZj7m/8NKx6W1FnbxrLG0exW3qHRyS2UeE1D2+Mr2eM9cEL+rDNfeiJ01sDgCmE2RagIlg=="
    }
  },
  "dependencies": {
    "bytemare": {
      "version": "0.1.0",
      "resolved": "https://registry.npmjs.org/bytemare/-/bytemare-0.1.0.tgz",
      "integrity": "sha512-9t7LqrvhpCMmJyqc4DgBcNTXThp3Pp5OQVdVWXPA8VEycQ3dQQHUqO+4r7piJBgDIhApVPTv9VGiEQBK9v+trw=="
    },
    "houdini-static-gradient": {
      "version": "1.1.2",
      "resolved": "https://registry.npmjs.org/houdini-static-gradient/-/houdini-static-gradient-1.1.2.tgz",
      "integrity": "sha512-34g4Fh2fDDNNPAb3UZj7m/8NKx6W1FnbxrLG0exW3qHRyS2UeE1D2+Mr2eM9cEL+rDNfeiJ01sDgCmE2RagIlg=="
    }
  }
}
